
Microsoft Visual Studio Solution File, Format Version 12.00
# Visual Studio Version 17
VisualStudioVersion = 17.3.32929.385
MinimumVisualStudioVersion = 10.0.40219.1
Project("{8BC9CEB8-8B4A-11D0-8D11-00A0C91BC942}") = "Misc", "Misc.vcxproj", "{A0012092-33B8-41A7-9CB4-74B2D42B9931}"
EndProject
Global
	GlobalSection(SolutionConfigurationPlatforms) = preSolution
		Debug|x64 = Debug|x64
		Debug|x86 = Debug|x86
		Release|x64 = Release|x64
		Release|x86 = Release|x86
	EndGlobalSection
	GlobalSection(ProjectConfigurationPlatforms) = postSolution
		{A0012092-33B8-41A7-9CB4-74B2D42B9931}.Debug|x64.ActiveCfg = Debug|x64
		{A0012092-33B8-41A7-9CB4-74B2D42B9931}.Debug|x64.Build.0 = Debug|x64
		{A0012092-33B8-41A7-9CB4-74B2D42B9931}.Debug|x86.ActiveCfg = Debug|Win32
		{A0012092-33B8-41A7-9CB4-74B2D42B9931}.Debug|x86.Build.0 = Debug|Win32
		{A0012092-33B8-41A7-9CB4-74B2D42B9931}.Release|x64.ActiveCfg = Release|x64
		{A0012092-33B8-41A7-9CB4-74B2D42B9931}.Release|x64.Build.0 = Release|x64
		{A0012092-33B8-41A7-9CB4-74B2D42B9931}.Release|x86.ActiveCfg = Release|Win32
		{A0012092-33B8-41A7-9CB4-74B2D42B9931}.Release|x86.Build.0 = Release|Win32
	EndGlobalSection
	GlobalSection(SolutionProperties) = preSolution
		HideSolutionNode = FALSE
	EndGlobalSection
	GlobalSection(ExtensibilityGlobals) = postSolution
		SolutionGuid = {9E5904C0-E47F-428D-A396-BD3CD725466B}
	EndGlobalSection
EndGlobal
